{
  "version": "2",
  "remote": {
    "https://deno.land/std@0.180.0/_util/asserts.ts": "178dfc49a464aee693a7e285567b3d0b555dc805ff490505a8aae34f9cfb1462",
    "https://deno.land/std@0.180.0/_util/os.ts": "d932f56d41e4f6a6093d56044e29ce637f8dcc43c5a90af43504a889cf1775e3",
    "https://deno.land/std@0.180.0/async/abortable.ts": "73acfb3ed7261ce0d930dbe89e43db8d34e017b063cf0eaa7d215477bf53442e",
    "https://deno.land/std@0.180.0/async/deadline.ts": "c5facb0b404eede83e38bd2717ea8ab34faa2ffb20ef87fd261fcba32ba307aa",
    "https://deno.land/std@0.180.0/async/debounce.ts": "adab11d04ca38d699444ac8a9d9856b4155e8dda2afd07ce78276c01ea5a4332",
    "https://deno.land/std@0.180.0/async/deferred.ts": "42790112f36a75a57db4a96d33974a936deb7b04d25c6084a9fa8a49f135def8",
    "https://deno.land/std@0.180.0/async/delay.ts": "73aa04cec034c84fc748c7be49bb15cac3dd43a57174bfdb7a4aec22c248f0dd",
    "https://deno.land/std@0.180.0/async/mod.ts": "f04344fa21738e5ad6bea37a6bfffd57c617c2d372bb9f9dcfd118a1b622e576",
    "https://deno.land/std@0.180.0/async/mux_async_iterator.ts": "70c7f2ee4e9466161350473ad61cac0b9f115cff4c552eaa7ef9d50c4cbb4cc9",
    "https://deno.land/std@0.180.0/async/pool.ts": "fd082bd4aaf26445909889435a5c74334c017847842ec035739b4ae637ae8260",
    "https://deno.land/std@0.180.0/async/retry.ts": "5efa3ba450ac0c07a40a82e2df296287b5013755d232049efd7ea2244f15b20f",
    "https://deno.land/std@0.180.0/async/tee.ts": "47e42d35f622650b02234d43803d0383a89eb4387e1b83b5a40106d18ae36757",
    "https://deno.land/std@0.180.0/bytes/bytes_list.ts": "b4cbdfd2c263a13e8a904b12d082f6177ea97d9297274a4be134e989450dfa6a",
    "https://deno.land/std@0.180.0/bytes/concat.ts": "d26d6f3d7922e6d663dacfcd357563b7bf4a380ce5b9c2bbe0c8586662f25ce2",
    "https://deno.land/std@0.180.0/bytes/copy.ts": "939d89e302a9761dcf1d9c937c7711174ed74c59eef40a1e4569a05c9de88219",
    "https://deno.land/std@0.180.0/bytes/ends_with.ts": "4228811ebc71615d27f065c54b5e815ec1972538772b0f413c0efe05245b472e",
    "https://deno.land/std@0.180.0/bytes/equals.ts": "b87494ce5442dc786db46f91378100028c402f83a14a2f7bbff6bda7810aefe3",
    "https://deno.land/std@0.180.0/bytes/includes_needle.ts": "76a8163126fb2f8bf86fd7f22192c3bb04bf6a20b987a095127c2ca08adf3ba6",
    "https://deno.land/std@0.180.0/bytes/index_of_needle.ts": "65c939607df609374c4415598fa4dad04a2f14c4d98cd15775216f0aaf597f24",
    "https://deno.land/std@0.180.0/bytes/last_index_of_needle.ts": "7181072883cb4908c6ce8f7a5bb1d96787eef2c2ab3aa94fe4268ab326a53cbf",
    "https://deno.land/std@0.180.0/bytes/mod.ts": "e869bba1e7a2e3a9cc6c2d55471888429a544e70a840c087672e656e7ba21815",
    "https://deno.land/std@0.180.0/bytes/repeat.ts": "6f5e490d8d72bcbf8d84a6bb04690b9b3eb5822c5a11687bca73a2318a842294",
    "https://deno.land/std@0.180.0/bytes/starts_with.ts": "3e607a70c9c09f5140b7a7f17a695221abcc7244d20af3eb47ccbb63f5885135",
    "https://deno.land/std@0.180.0/encoding/base64.ts": "7de04c2f8aeeb41453b09b186480be90f2ff357613b988e99fabb91d2eeceba1",
    "https://deno.land/std@0.180.0/fmt/colors.ts": "938c5d44d889fb82eff6c358bea8baa7e85950a16c9f6dae3ec3a7a729164471",
    "https://deno.land/std@0.180.0/fs/_util.ts": "65381f341af1ff7f40198cee15c20f59951ac26e51ddc651c5293e24f9ce6f32",
    "https://deno.land/std@0.180.0/fs/ensure_dir.ts": "dc64c4c75c64721d4e3fb681f1382f803ff3d2868f08563ff923fdd20d071c40",
    "https://deno.land/std@0.180.0/http/server.ts": "cbb17b594651215ba95c01a395700684e569c165a567e4e04bba327f41197433",
    "https://deno.land/std@0.180.0/jsonc/mod.ts": "b545ae643c49ec3eb7ea64c3eb4e8594b9ac55cd32edeef7459efe3343353420",
    "https://deno.land/std@0.180.0/jsonc/parse.ts": "06567e9739aecc19eca62a48f58ce29c0f7958044b5fcccf772aca262e33b564",
    "https://deno.land/std@0.180.0/path/_constants.ts": "e49961f6f4f48039c0dfed3c3f93e963ca3d92791c9d478ac5b43183413136e0",
    "https://deno.land/std@0.180.0/path/_interface.ts": "6471159dfbbc357e03882c2266d21ef9afdb1e4aa771b0545e90db58a0ba314b",
    "https://deno.land/std@0.180.0/path/_util.ts": "d7abb1e0dea065f427b89156e28cdeb32b045870acdf865833ba808a73b576d0",
    "https://deno.land/std@0.180.0/path/common.ts": "ee7505ab01fd22de3963b64e46cff31f40de34f9f8de1fff6a1bd2fe79380000",
    "https://deno.land/std@0.180.0/path/glob.ts": "d479e0a695621c94d3fd7fe7abd4f9499caf32a8de13f25073451c6ef420a4e1",
    "https://deno.land/std@0.180.0/path/mod.ts": "4b83694ac500d7d31b0cdafc927080a53dc0c3027eb2895790fb155082b0d232",
    "https://deno.land/std@0.180.0/path/posix.ts": "8b7c67ac338714b30c816079303d0285dd24af6b284f7ad63da5b27372a2c94d",
    "https://deno.land/std@0.180.0/path/separator.ts": "0fb679739d0d1d7bf45b68dacfb4ec7563597a902edbaf3c59b50d5bcadd93b1",
    "https://deno.land/std@0.180.0/path/win32.ts": "d186344e5583bcbf8b18af416d13d82b35a317116e6460a5a3953508c3de5bba",
    "https://deno.land/x/aleph@1.0.0-beta.43/framework/core/error.ts": "65b0dfaef2e8a77f857fdb6b953c4306d88af01690615bd8fb1a3570e336b255",
    "https://deno.land/x/aleph@1.0.0-beta.43/framework/core/events.ts": "f165911b3339b6d02f782947e51197177b4bd14e86eb65ca257c8a96386cec46",
    "https://deno.land/x/aleph@1.0.0-beta.43/framework/core/redirect.ts": "b65f0cafdca115b41e6e1499e420655ea55d1f3c140e0784d640de59e3606185",
    "https://deno.land/x/aleph@1.0.0-beta.43/framework/core/router.ts": "cb5c1f3ed0d25578d4ec26491e5554992af5b7765ee5852a390b3785085f52d0",
    "https://deno.land/x/aleph@1.0.0-beta.43/framework/core/url_pattern.ts": "d218c6fe81646adb0dc164b7515a4eff959f4b64b975bfc2ee7696cb0864a3a3",
    "https://deno.land/x/aleph@1.0.0-beta.43/framework/react/context.ts": "ca3efebc3f1db76725969d8178e405e635c2825665b9b8573133c4ed63f3e2a4",
    "https://deno.land/x/aleph@1.0.0-beta.43/framework/react/data.ts": "4987ca0fc9fae3cbb61982c9136f2658173bd7971f7dcbc7e881a4b62d71e701",
    "https://deno.land/x/aleph@1.0.0-beta.43/framework/react/error.ts": "b5c784b1a3fac7d550b82780dd5ba4ff8d64a1293559ec7ec702e2905a4915a2",
    "https://deno.land/x/aleph@1.0.0-beta.43/framework/react/plugin.ts": "cf0dbb9d5a30d2fd0a683f93dfd41fd41c0aa40d9bcb4d21ebedf949c6d23ac5",
    "https://deno.land/x/aleph@1.0.0-beta.43/framework/react/router.ts": "52c7cfb8020fafb3ce7c0855c76243870b8ce21d609ee7007e2a95ca32f0d859",
    "https://deno.land/x/aleph@1.0.0-beta.43/server/build.ts": "9d165ff118e0652cb345e983de239c24760fc97960f5826fa4d40d7af06b6641",
    "https://deno.land/x/aleph@1.0.0-beta.43/server/cache.ts": "1f1118d4efa440a6c2ad1c55a98357e1d1406aefc40bdef5c102fa8969076cf2",
    "https://deno.land/x/aleph@1.0.0-beta.43/server/context.ts": "cd865dcaeb23703337e3d05908bbf9b5a068b3dfde6512cb7373cba540a3f8f6",
    "https://deno.land/x/aleph@1.0.0-beta.43/server/deps.ts": "37e4d4d49805265a18d159e2b97742d985395c2ae141a69878f3fac9e5fe3211",
    "https://deno.land/x/aleph@1.0.0-beta.43/server/dev.ts": "d0f3d931bc8b67e609dd0e7fd477e060c45a3b67df22d15e466cc6f1bdc522d5",
    "https://deno.land/x/aleph@1.0.0-beta.43/server/graph.ts": "15ca091aab1e06bef77508ce50c6010fe4e8d41653fba9529f9116657173d607",
    "https://deno.land/x/aleph@1.0.0-beta.43/server/handler.ts": "eb51c8f05ed44747d8c7e26921fc11a9146b220abe863f9852a8829e59016366",
    "https://deno.land/x/aleph@1.0.0-beta.43/server/helpers.ts": "f7f20e1e517e0ef64342f146f9e9dd8e248049c03405472413bd31439dd14407",
    "https://deno.land/x/aleph@1.0.0-beta.43/server/html.ts": "bb73e4b947b8883535795604434e8180edf97e27e4e4c1296d6fe59f4fa4eb24",
    "https://deno.land/x/aleph@1.0.0-beta.43/server/log.ts": "9c7abad7015f0dbd421cb1ec090da9e67f9854c8c0c5bef4d3b1202a6ab0af95",
    "https://deno.land/x/aleph@1.0.0-beta.43/server/media_type.ts": "2bce52b8eb4378b6a50f86130d644f0cfca1d43d5d6999debbbc8fe464891fc4",
    "https://deno.land/x/aleph@1.0.0-beta.43/server/mod.ts": "0a84dc1411ba6d99514416b4d066cf6421d7ea5a86e113b1bbe473ac7fd154f1",
    "https://deno.land/x/aleph@1.0.0-beta.43/server/renderer.ts": "90e396873cf76c75322552087998ab49ed07312e9a39f481986a74f40d053316",
    "https://deno.land/x/aleph@1.0.0-beta.43/server/router.ts": "16aa94bce034496b07cbfaf94d91aab5b9f9d87ff014bc3a4676f5d80dfaaeaf",
    "https://deno.land/x/aleph@1.0.0-beta.43/server/session.ts": "3e7720800601fbec15e6647ee893421e761a2fe054e79e1c12c4c5106259eac1",
    "https://deno.land/x/aleph@1.0.0-beta.43/server/transformer.ts": "e230a6d23d8a737447233fe3ca1efa4ec3960f367aaeadd92729a71e82b178c2",
    "https://deno.land/x/aleph@1.0.0-beta.43/server/types.ts": "0d64e8aaa533e2d77b50d9c54def6ba0d995c10025574e681bc03482881c3e61",
    "https://deno.land/x/aleph@1.0.0-beta.43/shared/util.ts": "05b9c60ccb2216150f049615d185cc4a0bdd54829820a5ddc6f82641b4d4ff4f",
    "https://deno.land/x/aleph@1.0.0-beta.43/types.d.ts": "d9d0836fc5e18acbb6637851fefddb4ea8dcf3241c719717867486ad02eff7d1",
    "https://deno.land/x/aleph@1.0.0-beta.43/version.ts": "c311bd42483cce4d8d928fae34f74bb195ebab0b5c1a7d11feb326e53003cfb5",
    "https://deno.land/x/aleph_compiler@0.9.3/dist/compiler.js": "06518b3d7d4e2489c2425e824c107e96a0d08a53100b84ed0bc098f64ba575f2",
    "https://deno.land/x/aleph_compiler@0.9.3/dist/wasm.js": "89fb290e363a5dda5b77020c78b008700781dfc9dc2d445d1fc8c8bf1f1aaea1",
    "https://deno.land/x/aleph_compiler@0.9.3/mod.ts": "4e5bf63998a1d8293a98f7c2fd723e5768129b4421e00f47e504bb0cfd2312f8",
    "https://deno.land/x/aleph_compiler@0.9.3/types.ts": "83912306f6e51a1cb25723b982a2a4487efd66ac182447c07d5e2f074329366a",
    "https://deno.land/x/aleph_compiler@0.9.3/version.ts": "e094b6bae495fb6c416d822cdd9f136ee1ecc3f0669ce2c5a8a1b5c2e802bcf0",
    "https://deno.land/x/denoflate@1.2.1/mod.ts": "f5628e44b80b3d80ed525afa2ba0f12408e3849db817d47a883b801f9ce69dd6",
    "https://deno.land/x/denoflate@1.2.1/pkg/denoflate.js": "b9f9ad9457d3f12f28b1fb35c555f57443427f74decb403113d67364e4f2caf4",
    "https://deno.land/x/denoflate@1.2.1/pkg/denoflate_bg.wasm.js": "d581956245407a2115a3d7e8d85a9641c032940a8e810acbd59ca86afd34d44d",
    "https://deno.land/x/esbuild@v0.17.12/mod.d.ts": "dc279a3a46f084484453e617c0cabcd5b8bd1920c0e562e4ea02dfc828c8f968",
    "https://deno.land/x/esbuild@v0.17.12/mod.js": "8e93e1a2ac8c86aa7160383f2474e189b47783c21a8930e0669523925e65aac5",
    "https://deno.land/x/lol_html@0.0.6/lol_html.js": "efa396ae3506f40d81af8917b2a04c955550f738774e5ba5e3d2f9b10bb3bd02",
    "https://deno.land/x/lol_html@0.0.6/mod.ts": "308001155134d2b3d65f55d25eada007c88aa01b5c4866ac02c59953c83563f2",
    "https://deno.land/x/lol_html@0.0.6/types.d.ts": "bf06e1f27f776389334d001992d1e3efe3a335b4688e2c3ca39e307d2ae11cc4",
    "https://deno.land/x/lol_html@0.0.6/wasm.js": "74a2424ff8f77439c465e5bcac6a347095c3b3580e76211ce4a6c140a2e15c3f",
    "https://esm.sh/mitt@3.0.0?pin=v110": "435639770753ec5fb1bccbbf3d78aadbfd03e6ff8b5bb4e47ff9f3141f3600a4",
    "https://esm.sh/stable/react@18.2.0/deno/react.mjs": "a5a73ee24acca4744ee22c51d9357f31968d1f684ce253bde222b4e26d09f49f",
    "https://esm.sh/v110/mitt@3.0.0/deno/mitt.mjs": "7cc98580c4259fefc87ff60b375e73e6b2459e2e1f5cb4a9cfc8134642106240",
    "https://esm.sh/v110/mitt@3.0.0/index.d.ts": "d078b49194156918c4adfe4f0e2da2f2d5bfb0fe92539c9437d453a2fe68dd01",
    "https://esm.sh/v113/mitt@3.0.0": "e525cc3d366d14c975e12bcc13505d596c9d1485286e3a4955dd7426d280175b",
    "https://esm.sh/v113/mitt@3.0.0/deno/mitt.mjs": "7cc98580c4259fefc87ff60b375e73e6b2459e2e1f5cb4a9cfc8134642106240",
    "https://esm.sh/v113/mitt@3.0.0/index.d.ts": "d078b49194156918c4adfe4f0e2da2f2d5bfb0fe92539c9437d453a2fe68dd01",
    "https://esm.sh/v118/@types/prop-types@15.7.5/index.d.ts": "6a386ff939f180ae8ef064699d8b7b6e62bc2731a62d7fbf5e02589383838dea",
    "https://esm.sh/v118/@types/react@18.2.0/global.d.ts": "549df62b64a71004aee17685b445a8289013daf96246ce4d9b087d13d7a27a61",
    "https://esm.sh/v118/@types/react@18.2.0/index.d.ts": "b091747b1f503f434d3cac4217a13858baba87b421a7054ffdfd797da7737678",
    "https://esm.sh/v118/@types/react@18.2.6/global.d.ts": "549df62b64a71004aee17685b445a8289013daf96246ce4d9b087d13d7a27a61",
    "https://esm.sh/v118/@types/react@18.2.6/index.d.ts": "2ef11908f0e5f1cae0a42694e5e38852c976ca99a5d7eecfb71ed6a1187736c7",
    "https://esm.sh/v118/@types/scheduler@0.16.3/tracing.d.ts": "f5a8b384f182b3851cec3596ccc96cb7464f8d3469f48c74bf2befb782a19de5",
    "https://esm.sh/v118/csstype@3.1.2/index.d.ts": "4c68749a564a6facdf675416d75789ee5a557afda8960e0803cf6711fa569288",
    "https://esm.sh/v120/@types/react-dom@18.2.4/client.d.ts": "b3b8eed836d40b2e2b9ce1ae19ea6d5ceead0a26780d420a43670a3bbb3c4ff4",
    "https://esm.sh/v120/@types/react-dom@18.2.4/server~.d.ts": "6ee8a41ede4011c5c64229708421feb3dab2fc03a65b362de58cfb5e5995362a",
    "https://esm.sh/v120/react-dom@18.2.0/deno/server.js": "687d1b8ca3a73bdf42750098db291810fcb4b21c1b8761c66cc94ac9334e71a8",
    "https://esm.sh/v120/react-dom@18.2.0/server": "71f75b51394c84ac913e8cb6a077e5ca83ae234ce55202b908cfe4b94d2c299a",
    "https://esm.sh/v120/react@18.2.0": "742d8246041966ba1137ec8c60888c35882a9d2478bce63583875f86c1e3687c"
  }
}
